
Microsoft Visual Studio Solution File, Format Version 12.00
# Visual Studio 15
VisualStudioVersion = 15.0.26430.15
MinimumVisualStudioVersion = 10.0.40219.1
Project("{8BC9CEB8-8B4A-11D0-8D11-00A0C91BC942}") = "MusConv", "projects\MSVC\MusConv\MusConv.vcxproj", "{2DCF55B3-1F82-44F5-86D4-347D78158BD5}"
	ProjectSection(ProjectDependencies) = postProject
		{E341A46E-D40C-4C30-8C8F-D89CF148A943} = {E341A46E-D40C-4C30-8C8F-D89CF148A943}
	EndProjectSection
EndProject
Project("{8BC9CEB8-8B4A-11D0-8D11-00A0C91BC942}") = "NoDice", "projects\MSVC\NoDice\NoDice.vcxproj", "{3B7D8919-8B12-4EE5-B2FF-2CE344DF858D}"
	ProjectSection(ProjectDependencies) = postProject
		{E341A46E-D40C-4C30-8C8F-D89CF148A943} = {E341A46E-D40C-4C30-8C8F-D89CF148A943}
	EndProjectSection
EndProject
Project("{8BC9CEB8-8B4A-11D0-8D11-00A0C91BC942}") = "NoDiceLib", "projects\MSVC\NoDiceLib\NoDiceLib.vcxproj", "{E341A46E-D40C-4C30-8C8F-D89CF148A943}"
EndProject
Global
	GlobalSection(SolutionConfigurationPlatforms) = preSolution
		Debug|x86 = Debug|x86
		Release|x86 = Release|x86
	EndGlobalSection
	GlobalSection(ProjectConfigurationPlatforms) = postSolution
		{2DCF55B3-1F82-44F5-86D4-347D78158BD5}.Debug|x86.ActiveCfg = Debug|Win32
		{2DCF55B3-1F82-44F5-86D4-347D78158BD5}.Debug|x86.Build.0 = Debug|Win32
		{2DCF55B3-1F82-44F5-86D4-347D78158BD5}.Release|x86.ActiveCfg = Release|Win32
		{2DCF55B3-1F82-44F5-86D4-347D78158BD5}.Release|x86.Build.0 = Release|Win32
		{3B7D8919-8B12-4EE5-B2FF-2CE344DF858D}.Debug|x86.ActiveCfg = Debug|Win32
		{3B7D8919-8B12-4EE5-B2FF-2CE344DF858D}.Debug|x86.Build.0 = Debug|Win32
		{3B7D8919-8B12-4EE5-B2FF-2CE344DF858D}.Release|x86.ActiveCfg = Release|Win32
		{3B7D8919-8B12-4EE5-B2FF-2CE344DF858D}.Release|x86.Build.0 = Release|Win32
		{E341A46E-D40C-4C30-8C8F-D89CF148A943}.Debug|x86.ActiveCfg = Debug|Win32
		{E341A46E-D40C-4C30-8C8F-D89CF148A943}.Debug|x86.Build.0 = Debug|Win32
		{E341A46E-D40C-4C30-8C8F-D89CF148A943}.Release|x86.ActiveCfg = Release|Win32
		{E341A46E-D40C-4C30-8C8F-D89CF148A943}.Release|x86.Build.0 = Release|Win32
	EndGlobalSection
	GlobalSection(SolutionProperties) = preSolution
		HideSolutionNode = FALSE
	EndGlobalSection
EndGlobal
